github.com/KryonLabs/9xe v0.0.0-20260321200519-8f43e4a1b48f h1:sb7kWhWmwiQROpdEhSuBl1MgLJR39WvW+c9tXyw8yQA=
github.com/KryonLabs/9xe v0.0.0-20260321200519-8f43e4a1b48f/go.mod h1:s7wge84Smfl39/uE3VEacA022vZfDciG9ESeX5Suorc=
github.com/unicorn-engine/unicorn v0.0.0-20260217064959-7c5db94191de h1:uSF0dmEJ6NX8hDuy/oMLySksmG8ZxzMt9wpw9PEtf2E=
github.com/unicorn-engine/unicorn v0.0.0-20260217064959-7c5db94191de/go.mod h1:mcHBrigWSHlMZYol9QOFnK7sbltIt/OaKP5CQBZsC+4=
